
Microsoft Visual Studio Solution File, Format Version 12.00
# Visual Studio Version 17
VisualStudioVersion = 17.9.34622.214
MinimumVisualStudioVersion = 10.0.40219.1
Project("{9A19103F-16F7-4668-BE54-9A1E7A4F7556}") = "OA_Example_Project", "OA_Example_Project.csproj", "{A2725DBF-0E3A-40BB-A895-02EA293718AF}"
EndProject
Global
	GlobalSection(SolutionConfigurationPlatforms) = preSolution
		Debug|Any CPU = Debug|Any CPU
		Release|Any CPU = Release|Any CPU
	EndGlobalSection
	GlobalSection(ProjectConfigurationPlatforms) = postSolution
		{A2725DBF-0E3A-40BB-A895-02EA293718AF}.Debug|Any CPU.ActiveCfg = Debug|Any CPU
		{A2725DBF-0E3A-40BB-A895-02EA293718AF}.Debug|Any CPU.Build.0 = Debug|Any CPU
		{A2725DBF-0E3A-40BB-A895-02EA293718AF}.Release|Any CPU.ActiveCfg = Release|Any CPU
		{A2725DBF-0E3A-40BB-A895-02EA293718AF}.Release|Any CPU.Build.0 = Release|Any CPU
	EndGlobalSection
	GlobalSection(SolutionProperties) = preSolution
		HideSolutionNode = FALSE
	EndGlobalSection
	GlobalSection(ExtensibilityGlobals) = postSolution
		SolutionGuid = {A3C784B0-7E3A-4E69-819A-92644FC81C1D}
	EndGlobalSection
EndGlobal
